// !$*UTF8*$!
{
	archiveVersion = 1;
	classes = {
	};
	objectVersion = 56;
	objects = {

/* Begin PBXBuildFile section */
		CED6C5FD2B7285DB00620BDC /* AppDelegate.swift in Sources */ = {isa = PBXBuildFile; fileRef = CED6C5FC2B7285DB00620BDC /* AppDelegate.swift */; };
		CED6C5FF2B7285DB00620BDC /* SceneDelegate.swift in Sources */ = {isa = PBXBuildFile; fileRef = CED6C5FE2B7285DB00620BDC /* SceneDelegate.swift */; };
		CED6C6012B7285DB00620BDC /* ViewController.swift in Sources */ = {isa = PBXBuildFile; fileRef = CED6C6002B7285DB00620BDC /* ViewController.swift */; };
		CED6C6042B7285DB00620BDC /* Main.storyboard in Resources */ = {isa = PBXBuildFile; fileRef = CED6C6022B7285DB00620BDC /* Main.storyboard */; };
		CED6C6062B7285DD00620BDC /* Assets.xcassets in Resources */ = {isa = PBXBuildFile; fileRef = CED6C6052B7285DD00620BDC /* Assets.xcassets */; };
		CED6C6092B7285DD00620BDC /* LaunchScreen.storyboard in Resources */ = {isa = PBXBuildFile; fileRef = CED6C6072B7285DD00620BDC /* LaunchScreen.storyboard */; };
		CED6C6142B7285DE00620BDC /* CollectionTests.swift in Sources */ = {isa = PBXBuildFile; fileRef = CED6C6132B7285DE00620BDC /* CollectionTests.swift */; };
		CED6C61E2B7285DE00620BDC /* CollectionUITests.swift in Sources */ = {isa = PBXBuildFile; fileRef = CED6C61D2B7285DE00620BDC /* CollectionUITests.swift */; };
		CED6C6202B7285DE00620BDC /* CollectionUITestsLaunchTests.swift in Sources */ = {isa = PBXBuildFile; fileRef = CED6C61F2B7285DE00620BDC /* CollectionUITestsLaunchTests.swift */; };
		CED6C62D2B72872800620BDC /* CollectionViewCell.xib in Resources */ = {isa = PBXBuildFile; fileRef = CED6C62C2B72872800620BDC /* CollectionViewCell.xib */; };
		CED6C62F2B7289EE00620BDC /* PersonCollectionViewCell.swift in Sources */ = {isa = PBXBuildFile; fileRef = CED6C62E2B7289EE00620BDC /* PersonCollectionViewCell.swift */; };
/* End PBXBuildFile section */

/* Begin PBXContainerItemProxy section */
		CED6C6102B7285DE00620BDC /* PBXContainerItemProxy */ = {
			isa = PBXContainerItemProxy;
			containerPortal = CED6C5F12B7285DB00620BDC /* Project object */;
			proxyType = 1;
			remoteGlobalIDString = CED6C5F82B7285DB00620BDC;
			remoteInfo = Collection;
		};
		CED6C61A2B7285DE00620BDC /* PBXContainerItemProxy */ = {
			isa = PBXContainerItemProxy;
			containerPortal = CED6C5F12B7285DB00620BDC /* Project object */;
			proxyType = 1;
			remoteGlobalIDString = CED6C5F82B7285DB00620BDC;
			remoteInfo = Collection;
		};
/* End PBXContainerItemProxy section */

/* Begin PBXFileReference section */
		CED6C5F92B7285DB00620BDC /* Collection.app */ = {isa = PBXFileReference; explicitFileType = wrapper.application; includeInIndex = 0; path = Collection.app; sourceTree = BUILT_PRODUCTS_DIR; };
		CED6C5FC2B7285DB00620BDC /* AppDelegate.swift */ = {isa = PBXFileReference; lastKnownFileType = sourcecode.swift; path = AppDelegate.swift; sourceTree = "<group>"; };
		CED6C5FE2B7285DB00620BDC /* SceneDelegate.swift */ = {isa = PBXFileReference; lastKnownFileType = sourcecode.swift; path = SceneDelegate.swift; sourceTree = "<group>"; };
		CED6C6002B7285DB00620BDC /* ViewController.swift */ = {isa = PBXFileReference; lastKnownFileType = sourcecode.swift; path = ViewController.swift; sourceTree = "<group>"; };
		CED6C6032B7285DB00620BDC /* Base */ = {isa = PBXFileReference; lastKnownFileType = file.storyboard; name = Base; path = Base.lproj/Main.storyboard; sourceTree = "<group>"; };
		CED6C6052B7285DD00620BDC /* Assets.xcassets */ = {isa = PBXFileReference; lastKnownFileType = folder.assetcatalog; path = Assets.xcassets; sourceTree = "<group>"; };
		CED6C6082B7285DD00620BDC /* Base */ = {isa = PBXFileReference; lastKnownFileType = file.storyboard; name = Base; path = Base.lproj/LaunchScreen.storyboard; sourceTree = "<group>"; };
		CED6C60A2B7285DD00620BDC /* Info.plist */ = {isa = PBXFileReference; lastKnownFileType = text.plist.xml; path = Info.plist; sourceTree = "<group>"; };
		CED6C60F2B7285DE00620BDC /* CollectionTests.xctest */ = {isa = PBXFileReference; explicitFileType = wrapper.cfbundle; includeInIndex = 0; path = CollectionTests.xctest; sourceTree = BUILT_PRODUCTS_DIR; };
		CED6C6132B7285DE00620BDC /* CollectionTests.swift */ = {isa = PBXFileReference; lastKnownFileType = sourcecode.swift; path = CollectionTests.swift; sourceTree = "<group>"; };
		CED6C6192B7285DE00620BDC /* CollectionUITests.xctest */ = {isa = PBXFileReference; explicitFileType = wrapper.cfbundle; includeInIndex = 0; path = CollectionUITests.xctest; sourceTree = BUILT_PRODUCTS_DIR; };
		CED6C61D2B7285DE00620BDC /* CollectionUITests.swift */ = {isa = PBXFileReference; lastKnownFileType = sourcecode.swift; path = CollectionUITests.swift; sourceTree = "<group>"; };
		CED6C61F2B7285DE00620BDC /* CollectionUITestsLaunchTests.swift */ = {isa = PBXFileReference; lastKnownFileType = sourcecode.swift; path = CollectionUITestsLaunchTests.swift; sourceTree = "<group>"; };
		CED6C62C2B72872800620BDC /* CollectionViewCell.xib */ = {isa = PBXFileReference; lastKnownFileType = file.xib; path = CollectionViewCell.xib; sourceTree = "<group>"; };
		CED6C62E2B7289EE00620BDC /* PersonCollectionViewCell.swift */ = {isa = PBXFileReference; lastKnownFileType = sourcecode.swift; path = PersonCollectionViewCell.swift; sourceTree = "<group>"; };
/* End PBXFileReference section */

/* Begin PBXFrameworksBuildPhase section */
		CED6C5F62B7285DB00620BDC /* Frameworks */ = {
			isa = PBXFrameworksBuildPhase;
			buildActionMask = 2147483647;
			files = (
			);
			runOnlyForDeploymentPostprocessing = 0;
		};
		CED6C60C2B7285DE00620BDC /* Frameworks */ = {
			isa = PBXFrameworksBuildPhase;
			buildActionMask = 2147483647;
			files = (
			);
			runOnlyForDeploymentPostprocessing = 0;
		};
		CED6C6162B7285DE00620BDC /* Frameworks */ = {
			isa = PBXFrameworksBuildPhase;
			buildActionMask = 2147483647;
			files = (
			);
			runOnlyForDeploymentPostprocessing = 0;
		};
/* End PBXFrameworksBuildPhase section */

/* Begin PBXGroup section */
		CED6C5F02B7285DB00620BDC = {
			isa = PBXGroup;
			children = (
				CED6C5FB2B7285DB00620BDC /* Collection */,
				CED6C6122B7285DE00620BDC /* CollectionTests */,
				CED6C61C2B7285DE00620BDC /* CollectionUITests */,
				CED6C5FA2B7285DB00620BDC /* Products */,
			);
			sourceTree = "<group>";
		};
		CED6C5FA2B7285DB00620BDC /* Products */ = {
			isa = PBXGroup;
			children = (
				CED6C5F92B7285DB00620BDC /* Collection.app */,
				CED6C60F2B7285DE00620BDC /* CollectionTests.xctest */,
				CED6C6192B7285DE00620BDC /* CollectionUITests.xctest */,
			);
			name = Products;
			sourceTree = "<group>";
		};
		CED6C5FB2B7285DB00620BDC /* Collection */ = {
			isa = PBXGroup;
			children = (
				CED6C5FC2B7285DB00620BDC /* AppDelegate.swift */,
				CED6C5FE2B7285DB00620BDC /* SceneDelegate.swift */,
				CED6C6002B7285DB00620BDC /* ViewController.swift */,
				CED6C62E2B7289EE00620BDC /* PersonCollectionViewCell.swift */,
				CED6C6022B7285DB00620BDC /* Main.storyboard */,
				CED6C6052B7285DD00620BDC /* Assets.xcassets */,
				CED6C6072B7285DD00620BDC /* LaunchScreen.storyboard */,
				CED6C60A2B7285DD00620BDC /* Info.plist */,
				CED6C62C2B72872800620BDC /* CollectionViewCell.xib */,
			);
			path = Collection;
			sourceTree = "<group>";
		};
		CED6C6122B7285DE00620BDC /* CollectionTests */ = {
			isa = PBXGroup;
			children = (
				CED6C6132B7285DE00620BDC /* CollectionTests.swift */,
			);
			path = CollectionTests;
			sourceTree = "<group>";
		};
		CED6C61C2B7285DE00620BDC /* CollectionUITests */ = {
			isa = PBXGroup;
			children = (
				CED6C61D2B7285DE00620BDC /* CollectionUITests.swift */,
				CED6C61F2B7285DE00620BDC /* CollectionUITestsLaunchTests.swift */,
			);
			path = CollectionUITests;
			sourceTree = "<group>";
		};
/* End PBXGroup section */

/* Begin PBXNativeTarget section */
		CED6C5F82B7285DB00620BDC /* Collection */ = {
			isa = PBXNativeTarget;
			buildConfigurationList = CED6C6232B7285DE00620BDC /* Build configuration list for PBXNativeTarget "Collection" */;
			buildPhases = (
				CED6C5F52B7285DB00620BDC /* Sources */,
				CED6C5F62B7285DB00620BDC /* Frameworks */,
				CED6C5F72B7285DB00620BDC /* Resources */,
				CED6C6302B73B27500620BDC /* ShellScript */,
			);
			buildRules = (
			);
			dependencies = (
			);
			name = Collection;
			productName = Collection;
			productReference = CED6C5F92B7285DB00620BDC /* Collection.app */;
			productType = "com.apple.product-type.application";
		};
		CED6C60E2B7285DE00620BDC /* CollectionTests */ = {
			isa = PBXNativeTarget;
			buildConfigurationList = CED6C6262B7285DE00620BDC /* Build configuration list for PBXNativeTarget "CollectionTests" */;
			buildPhases = (
				CED6C60B2B7285DE00620BDC /* Sources */,
				CED6C60C2B7285DE00620BDC /* Frameworks */,
				CED6C60D2B7285DE00620BDC /* Resources */,
			);
			buildRules = (
			);
			dependencies = (
				CED6C6112B7285DE00620BDC /* PBXTargetDependency */,
			);
			name = CollectionTests;
			productName = CollectionTests;
			productReference = CED6C60F2B7285DE00620BDC /* CollectionTests.xctest */;
			productType = "com.apple.product-type.bundle.unit-test";
		};
		CED6C6182B7285DE00620BDC /* CollectionUITests */ = {
			isa = PBXNativeTarget;
			buildConfigurationList = CED6C6292B7285DE00620BDC /* Build configuration list for PBXNativeTarget "CollectionUITests" */;
			buildPhases = (
				CED6C6152B7285DE00620BDC /* Sources */,
				CED6C6162B7285DE00620BDC /* Frameworks */,
				CED6C6172B7285DE00620BDC /* Resources */,
			);
			buildRules = (
			);
			dependencies = (
				CED6C61B2B7285DE00620BDC /* PBXTargetDependency */,
			);
			name = CollectionUITests;
			productName = CollectionUITests;
			productReference = CED6C6192B7285DE00620BDC /* CollectionUITests.xctest */;
			productType = "com.apple.product-type.bundle.ui-testing";
		};
/* End PBXNativeTarget section */

/* Begin PBXProject section */
		CED6C5F12B7285DB00620BDC /* Project object */ = {
			isa = PBXProject;
			attributes = {
				BuildIndependentTargetsInParallel = 1;
				LastSwiftUpdateCheck = 1520;
				LastUpgradeCheck = 1520;
				TargetAttributes = {
					CED6C5F82B7285DB00620BDC = {
						CreatedOnToolsVersion = 15.2;
					};
					CED6C60E2B7285DE00620BDC = {
						CreatedOnToolsVersion = 15.2;
						TestTargetID = CED6C5F82B7285DB00620BDC;
					};
					CED6C6182B7285DE00620BDC = {
						CreatedOnToolsVersion = 15.2;
						TestTargetID = CED6C5F82B7285DB00620BDC;
					};
				};
			};
			buildConfigurationList = CED6C5F42B7285DB00620BDC /* Build configuration list for PBXProject "Collection" */;
			compatibilityVersion = "Xcode 14.0";
			developmentRegion = en;
			hasScannedForEncodings = 0;
			knownRegions = (
				en,
				Base,
			);
			mainGroup = CED6C5F02B7285DB00620BDC;
			productRefGroup = CED6C5FA2B7285DB00620BDC /* Products */;
			projectDirPath = "";
			projectRoot = "";
			targets = (
				CED6C5F82B7285DB00620BDC /* Collection */,
				CED6C60E2B7285DE00620BDC /* CollectionTests */,
				CED6C6182B7285DE00620BDC /* CollectionUITests */,
			);
		};
/* End PBXProject section */

/* Begin PBXResourcesBuildPhase section */
		CED6C5F72B7285DB00620BDC /* Resources */ = {
			isa = PBXResourcesBuildPhase;
			buildActionMask = 2147483647;
			files = (
				CED6C6092B7285DD00620BDC /* LaunchScreen.storyboard in Resources */,
				CED6C6062B7285DD00620BDC /* Assets.xcassets in Resources */,
				CED6C62D2B72872800620BDC /* CollectionViewCell.xib in Resources */,
				CED6C6042B7285DB00620BDC /* Main.storyboard in Resources */,
			);
			runOnlyForDeploymentPostprocessing = 0;
		};
		CED6C60D2B7285DE00620BDC /* Resources */ = {
			isa = PBXResourcesBuildPhase;
			buildActionMask = 2147483647;
			files = (
			);
			runOnlyForDeploymentPostprocessing = 0;
		};
		CED6C6172B7285DE00620BDC /* Resources */ = {
			isa = PBXResourcesBuildPhase;
			buildActionMask = 2147483647;
			files = (
			);
			runOnlyForDeploymentPostprocessing = 0;
		};
/* End PBXResourcesBuildPhase section */

/* Begin PBXShellScriptBuildPhase section */
		CED6C6302B73B27500620BDC /* ShellScript */ = {
			isa = PBXShellScriptBuildPhase;
			buildActionMask = 2147483647;
			files = (
			);
			inputFileListPaths = (
			);
			inputPaths = (
			);
			outputFileListPaths = (
			);
			outputPaths = (
			);
			runOnlyForDeploymentPostprocessing = 0;
			shellPath = /bin/sh;
			shellScript = "if [[ \"$(uname -m)\" == arm64 ]]; then\n    export PATH=\"/opt/homebrew/bin:$PATH\"\nfi\n\nif which swiftlint > /dev/null; then\n  swiftlint\nelse\n  echo \"warning: SwiftLint not installed, download from https://github.com/realm/SwiftLint\"\nfi\n";
		};
/* End PBXShellScriptBuildPhase section */

/* Begin PBXSourcesBuildPhase section */
		CED6C5F52B7285DB00620BDC /* Sources */ = {
			isa = PBXSourcesBuildPhase;
			buildActionMask = 2147483647;
			files = (
				CED6C6012B7285DB00620BDC /* ViewController.swift in Sources */,
				CED6C5FD2B7285DB00620BDC /* AppDelegate.swift in Sources */,
				CED6C5FF2B7285DB00620BDC /* SceneDelegate.swift in Sources */,
				CED6C62F2B7289EE00620BDC /* PersonCollectionViewCell.swift in Sources */,
			);
			runOnlyForDeploymentPostprocessing = 0;
		};
		CED6C60B2B7285DE00620BDC /* Sources */ = {
			isa = PBXSourcesBuildPhase;
			buildActionMask = 2147483647;
			files = (
				CED6C6142B7285DE00620BDC /* CollectionTests.swift in Sources */,
			);
			runOnlyForDeploymentPostprocessing = 0;
		};
		CED6C6152B7285DE00620BDC /* Sources */ = {
			isa = PBXSourcesBuildPhase;
			buildActionMask = 2147483647;
			files = (
				CED6C6202B7285DE00620BDC /* CollectionUITestsLaunchTests.swift in Sources */,
				CED6C61E2B7285DE00620BDC /* CollectionUITests.swift in Sources */,
			);
			runOnlyForDeploymentPostprocessing = 0;
		};
/* End PBXSourcesBuildPhase section */

/* Begin PBXTargetDependency section */
		CED6C6112B7285DE00620BDC /* PBXTargetDependency */ = {
			isa = PBXTargetDependency;
			target = CED6C5F82B7285DB00620BDC /* Collection */;
			targetProxy = CED6C6102B7285DE00620BDC /* PBXContainerItemProxy */;
		};
		CED6C61B2B7285DE00620BDC /* PBXTargetDependency */ = {
			isa = PBXTargetDependency;
			target = CED6C5F82B7285DB00620BDC /* Collection */;
			targetProxy = CED6C61A2B7285DE00620BDC /* PBXContainerItemProxy */;
		};
/* End PBXTargetDependency section */

/* Begin PBXVariantGroup section */
		CED6C6022B7285DB00620BDC /* Main.storyboard */ = {
			isa = PBXVariantGroup;
			children = (
				CED6C6032B7285DB00620BDC /* Base */,
			);
			name = Main.storyboard;
			sourceTree = "<group>";
		};
		CED6C6072B7285DD00620BDC /* LaunchScreen.storyboard */ = {
			isa = PBXVariantGroup;
			children = (
				CED6C6082B7285DD00620BDC /* Base */,
			);
			name = LaunchScreen.storyboard;
			sourceTree = "<group>";
		};
/* End PBXVariantGroup section */

/* Begin XCBuildConfiguration section */
		CED6C6212B7285DE00620BDC /* Debug */ = {
			isa = XCBuildConfiguration;
			buildSettings = {
				ALWAYS_SEARCH_USER_PATHS = NO;
				ASSETCATALOG_COMPILER_GENERATE_SWIFT_ASSET_SYMBOL_EXTENSIONS = YES;
				CLANG_ANALYZER_NONNULL = YES;
				CLANG_ANALYZER_NUMBER_OBJECT_CONVERSION = YES_AGGRESSIVE;
				CLANG_CXX_LANGUAGE_STANDARD = "gnu++20";
				CLANG_ENABLE_MODULES = YES;
				CLANG_ENABLE_OBJC_ARC = YES;
				CLANG_ENABLE_OBJC_WEAK = YES;
				CLANG_WARN_BLOCK_CAPTURE_AUTORELEASING = YES;
				CLANG_WARN_BOOL_CONVERSION = YES;
				CLANG_WARN_COMMA = YES;
				CLANG_WARN_CONSTANT_CONVERSION = YES;
				CLANG_WARN_DEPRECATED_OBJC_IMPLEMENTATIONS = YES;
				CLANG_WARN_DIRECT_OBJC_ISA_USAGE = YES_ERROR;
				CLANG_WARN_DOCUMENTATION_COMMENTS = YES;
				CLANG_WARN_EMPTY_BODY = YES;
				CLANG_WARN_ENUM_CONVERSION = YES;
				CLANG_WARN_INFINITE_RECURSION = YES;
				CLANG_WARN_INT_CONVERSION = YES;
				CLANG_WARN_NON_LITERAL_NULL_CONVERSION = YES;
				CLANG_WARN_OBJC_IMPLICIT_RETAIN_SELF = YES;
				CLANG_WARN_OBJC_LITERAL_CONVERSION = YES;
				CLANG_WARN_OBJC_ROOT_CLASS = YES_ERROR;
				CLANG_WARN_QUOTED_INCLUDE_IN_FRAMEWORK_HEADER = YES;
				CLANG_WARN_RANGE_LOOP_ANALYSIS = YES;
				CLANG_WARN_STRICT_PROTOTYPES = YES;
				CLANG_WARN_SUSPICIOUS_MOVE = YES;
				CLANG_WARN_UNGUARDED_AVAILABILITY = YES_AGGRESSIVE;
				CLANG_WARN_UNREACHABLE_CODE = YES;
				CLANG_WARN__DUPLICATE_METHOD_MATCH = YES;
				COPY_PHASE_STRIP = NO;
				DEBUG_INFORMATION_FORMAT = dwarf;
				ENABLE_STRICT_OBJC_MSGSEND = YES;
				ENABLE_TESTABILITY = YES;
				ENABLE_USER_SCRIPT_SANDBOXING = YES;
				GCC_C_LANGUAGE_STANDARD = gnu17;
				GCC_DYNAMIC_NO_PIC = NO;
				GCC_NO_COMMON_BLOCKS = YES;
				GCC_OPTIMIZATION_LEVEL = 0;
				GCC_PREPROCESSOR_DEFINITIONS = (
					"DEBUG=1",
					"$(inherited)",
				);
				GCC_WARN_64_TO_32_BIT_CONVERSION = YES;
				GCC_WARN_ABOUT_RETURN_TYPE = YES_ERROR;
				GCC_WARN_UNDECLARED_SELECTOR = YES;
				GCC_WARN_UNINITIALIZED_AUTOS = YES_AGGRESSIVE;
				GCC_WARN_UNUSED_FUNCTION = YES;
				GCC_WARN_UNUSED_VARIABLE = YES;
				IPHONEOS_DEPLOYMENT_TARGET = 17.2;
				LOCALIZATION_PREFERS_STRING_CATALOGS = YES;
				MTL_ENABLE_DEBUG_INFO = INCLUDE_SOURCE;
				MTL_FAST_MATH = YES;
				ONLY_ACTIVE_ARCH = YES;
				SDKROOT = iphoneos;
				SWIFT_ACTIVE_COMPILATION_CONDITIONS = "DEBUG $(inherited)";
				SWIFT_OPTIMIZATION_LEVEL = "-Onone";
			};
			name = Debug;
		};
		CED6C6222B7285DE00620BDC /* Release */ = {
			isa = XCBuildConfiguration;
			buildSettings = {
				ALWAYS_SEARCH_USER_PATHS = NO;
				ASSETCATALOG_COMPILER_GENERATE_SWIFT_ASSET_SYMBOL_EXTENSIONS = YES;
				CLANG_ANALYZER_NONNULL = YES;
				CLANG_ANALYZER_NUMBER_OBJECT_CONVERSION = YES_AGGRESSIVE;
				CLANG_CXX_LANGUAGE_STANDARD = "gnu++20";
				CLANG_ENABLE_MODULES = YES;
				CLANG_ENABLE_OBJC_ARC = YES;
				CLANG_ENABLE_OBJC_WEAK = YES;
				CLANG_WARN_BLOCK_CAPTURE_AUTORELEASING = YES;
				CLANG_WARN_BOOL_CONVERSION = YES;
				CLANG_WARN_COMMA = YES;
				CLANG_WARN_CONSTANT_CONVERSION = YES;
				CLANG_WARN_DEPRECATED_OBJC_IMPLEMENTATIONS = YES;
				CLANG_WARN_DIRECT_OBJC_ISA_USAGE = YES_ERROR;
				CLANG_WARN_DOCUMENTATION_COMMENTS = YES;
				CLANG_WARN_EMPTY_BODY = YES;
				CLANG_WARN_ENUM_CONVERSION = YES;
				CLANG_WARN_INFINITE_RECURSION = YES;
				CLANG_WARN_INT_CONVERSION = YES;
				CLANG_WARN_NON_LITERAL_NULL_CONVERSION = YES;
				CLANG_WARN_OBJC_IMPLICIT_RETAIN_SELF = YES;
				CLANG_WARN_OBJC_LITERAL_CONVERSION = YES;
				CLANG_WARN_OBJC_ROOT_CLASS = YES_ERROR;
				CLANG_WARN_QUOTED_INCLUDE_IN_FRAMEWORK_HEADER = YES;
				CLANG_WARN_RANGE_LOOP_ANALYSIS = YES;
				CLANG_WARN_STRICT_PROTOTYPES = YES;
				CLANG_WARN_SUSPICIOUS_MOVE = YES;
				CLANG_WARN_UNGUARDED_AVAILABILITY = YES_AGGRESSIVE;
				CLANG_WARN_UNREACHABLE_CODE = YES;
				CLANG_WARN__DUPLICATE_METHOD_MATCH = YES;
				COPY_PHASE_STRIP = NO;
				DEBUG_INFORMATION_FORMAT = "dwarf-with-dsym";
				ENABLE_NS_ASSERTIONS = NO;
				ENABLE_STRICT_OBJC_MSGSEND = YES;
				ENABLE_USER_SCRIPT_SANDBOXING = YES;
				GCC_C_LANGUAGE_STANDARD = gnu17;
				GCC_NO_COMMON_BLOCKS = YES;
				GCC_WARN_64_TO_32_BIT_CONVERSION = YES;
				GCC_WARN_ABOUT_RETURN_TYPE = YES_ERROR;
				GCC_WARN_UNDECLARED_SELECTOR = YES;
				GCC_WARN_UNINITIALIZED_AUTOS = YES_AGGRESSIVE;
				GCC_WARN_UNUSED_FUNCTION = YES;
				GCC_WARN_UNUSED_VARIABLE = YES;
				IPHONEOS_DEPLOYMENT_TARGET = 17.2;
				LOCALIZATION_PREFERS_STRING_CATALOGS = YES;
				MTL_ENABLE_DEBUG_INFO = NO;
				MTL_FAST_MATH = YES;
				SDKROOT = iphoneos;
				SWIFT_COMPILATION_MODE = wholemodule;
				VALIDATE_PRODUCT = YES;
			};
			name = Release;
		};
		CED6C6242B7285DE00620BDC /* Debug */ = {
			isa = XCBuildConfiguration;
			buildSettings = {
				ASSETCATALOG_COMPILER_APPICON_NAME = AppIcon;
				ASSETCATALOG_COMPILER_GLOBAL_ACCENT_COLOR_NAME = AccentColor;
				CODE_SIGN_STYLE = Automatic;
				CURRENT_PROJECT_VERSION = 1;
				ENABLE_USER_SCRIPT_SANDBOXING = NO;
				GENERATE_INFOPLIST_FILE = YES;
				INFOPLIST_FILE = Collection/Info.plist;
				INFOPLIST_KEY_UIApplicationSupportsIndirectInputEvents = YES;
				INFOPLIST_KEY_UILaunchStoryboardName = LaunchScreen;
				INFOPLIST_KEY_UIMainStoryboardFile = Main;
				INFOPLIST_KEY_UISupportedInterfaceOrientations_iPad = "UIInterfaceOrientationPortrait UIInterfaceOrientationPortraitUpsideDown UIInterfaceOrientationLandscapeLeft UIInterfaceOrientationLandscapeRight";
				INFOPLIST_KEY_UISupportedInterfaceOrientations_iPhone = "UIInterfaceOrientationPortrait UIInterfaceOrientationLandscapeLeft UIInterfaceOrientationLandscapeRight";
				LD_RUNPATH_SEARCH_PATHS = (
					"$(inherited)",
					"@executable_path/Frameworks",
				);
				MARKETING_VERSION = 1.0;
				PRODUCT_BUNDLE_IDENTIFIER = artak.Collection;
				PRODUCT_NAME = "$(TARGET_NAME)";
				SWIFT_EMIT_LOC_STRINGS = YES;
				SWIFT_VERSION = 5.0;
				TARGETED_DEVICE_FAMILY = "1,2";
			};
			name = Debug;
		};
		CED6C6252B7285DE00620BDC /* Release */ = {
			isa = XCBuildConfiguration;
			buildSettings = {
				ASSETCATALOG_COMPILER_APPICON_NAME = AppIcon;
				ASSETCATALOG_COMPILER_GLOBAL_ACCENT_COLOR_NAME = AccentColor;
				CODE_SIGN_STYLE = Automatic;
				CURRENT_PROJECT_VERSION = 1;
				ENABLE_USER_SCRIPT_SANDBOXING = NO;
				GENERATE_INFOPLIST_FILE = YES;
				INFOPLIST_FILE = Collection/Info.plist;
				INFOPLIST_KEY_UIApplicationSupportsIndirectInputEvents = YES;
				INFOPLIST_KEY_UILaunchStoryboardName = LaunchScreen;
				INFOPLIST_KEY_UIMainStoryboardFile = Main;
				INFOPLIST_KEY_UISupportedInterfaceOrientations_iPad = "UIInterfaceOrientationPortrait UIInterfaceOrientationPortraitUpsideDown UIInterfaceOrientationLandscapeLeft UIInterfaceOrientationLandscapeRight";
				INFOPLIST_KEY_UISupportedInterfaceOrientations_iPhone = "UIInterfaceOrientationPortrait UIInterfaceOrientationLandscapeLeft UIInterfaceOrientationLandscapeRight";
				LD_RUNPATH_SEARCH_PATHS = (
					"$(inherited)",
					"@executable_path/Frameworks",
				);
				MARKETING_VERSION = 1.0;
				PRODUCT_BUNDLE_IDENTIFIER = artak.Collection;
				PRODUCT_NAME = "$(TARGET_NAME)";
				SWIFT_EMIT_LOC_STRINGS = YES;
				SWIFT_VERSION = 5.0;
				TARGETED_DEVICE_FAMILY = "1,2";
			};
			name = Release;
		};
		CED6C6272B7285DE00620BDC /* Debug */ = {
			isa = XCBuildConfiguration;
			buildSettings = {
				ALWAYS_EMBED_SWIFT_STANDARD_LIBRARIES = YES;
				BUNDLE_LOADER = "$(TEST_HOST)";
				CODE_SIGN_STYLE = Automatic;
				CURRENT_PROJECT_VERSION = 1;
				GENERATE_INFOPLIST_FILE = YES;
				IPHONEOS_DEPLOYMENT_TARGET = 17.2;
				MARKETING_VERSION = 1.0;
				PRODUCT_BUNDLE_IDENTIFIER = artak.CollectionTests;
				PRODUCT_NAME = "$(TARGET_NAME)";
				SWIFT_EMIT_LOC_STRINGS = NO;
				SWIFT_VERSION = 5.0;
				TARGETED_DEVICE_FAMILY = "1,2";
				TEST_HOST = "$(BUILT_PRODUCTS_DIR)/Collection.app/$(BUNDLE_EXECUTABLE_FOLDER_PATH)/Collection";
			};
			name = Debug;
		};
		CED6C6282B7285DE00620BDC /* Release */ = {
			isa = XCBuildConfiguration;
			buildSettings = {
				ALWAYS_EMBED_SWIFT_STANDARD_LIBRARIES = YES;
				BUNDLE_LOADER = "$(TEST_HOST)";
				CODE_SIGN_STYLE = Automatic;
				CURRENT_PROJECT_VERSION = 1;
				GENERATE_INFOPLIST_FILE = YES;
				IPHONEOS_DEPLOYMENT_TARGET = 17.2;
				MARKETING_VERSION = 1.0;
				PRODUCT_BUNDLE_IDENTIFIER = artak.CollectionTests;
				PRODUCT_NAME = "$(TARGET_NAME)";
				SWIFT_EMIT_LOC_STRINGS = NO;
				SWIFT_VERSION = 5.0;
				TARGETED_DEVICE_FAMILY = "1,2";
				TEST_HOST = "$(BUILT_PRODUCTS_DIR)/Collection.app/$(BUNDLE_EXECUTABLE_FOLDER_PATH)/Collection";
			};
			name = Release;
		};
		CED6C62A2B7285DE00620BDC /* Debug */ = {
			isa = XCBuildConfiguration;
			buildSettings = {
				ALWAYS_EMBED_SWIFT_STANDARD_LIBRARIES = YES;
				CODE_SIGN_STYLE = Automatic;
				CURRENT_PROJECT_VERSION = 1;
				GENERATE_INFOPLIST_FILE = YES;
				MARKETING_VERSION = 1.0;
				PRODUCT_BUNDLE_IDENTIFIER = artak.CollectionUITests;
				PRODUCT_NAME = "$(TARGET_NAME)";
				SWIFT_EMIT_LOC_STRINGS = NO;
				SWIFT_VERSION = 5.0;
				TARGETED_DEVICE_FAMILY = "1,2";
				TEST_TARGET_NAME = Collection;
			};
			name = Debug;
		};
		CED6C62B2B7285DE00620BDC /* Release */ = {
			isa = XCBuildConfiguration;
			buildSettings = {
				ALWAYS_EMBED_SWIFT_STANDARD_LIBRARIES = YES;
				CODE_SIGN_STYLE = Automatic;
				CURRENT_PROJECT_VERSION = 1;
				GENERATE_INFOPLIST_FILE = YES;
				MARKETING_VERSION = 1.0;
				PRODUCT_BUNDLE_IDENTIFIER = artak.CollectionUITests;
				PRODUCT_NAME = "$(TARGET_NAME)";
				SWIFT_EMIT_LOC_STRINGS = NO;
				SWIFT_VERSION = 5.0;
				TARGETED_DEVICE_FAMILY = "1,2";
				TEST_TARGET_NAME = Collection;
			};
			name = Release;
		};
/* End XCBuildConfiguration section */

/* Begin XCConfigurationList section */
		CED6C5F42B7285DB00620BDC /* Build configuration list for PBXProject "Collection" */ = {
			isa = XCConfigurationList;
			buildConfigurations = (
				CED6C6212B7285DE00620BDC /* Debug */,
				CED6C6222B7285DE00620BDC /* Release */,
			);
			defaultConfigurationIsVisible = 0;
			defaultConfigurationName = Release;
		};
		CED6C6232B7285DE00620BDC /* Build configuration list for PBXNativeTarget "Collection" */ = {
			isa = XCConfigurationList;
			buildConfigurations = (
				CED6C6242B7285DE00620BDC /* Debug */,
				CED6C6252B7285DE00620BDC /* Release */,
			);
			defaultConfigurationIsVisible = 0;
			defaultConfigurationName = Release;
		};
		CED6C6262B7285DE00620BDC /* Build configuration list for PBXNativeTarget "CollectionTests" */ = {
			isa = XCConfigurationList;
			buildConfigurations = (
				CED6C6272B7285DE00620BDC /* Debug */,
				CED6C6282B7285DE00620BDC /* Release */,
			);
			defaultConfigurationIsVisible = 0;
			defaultConfigurationName = Release;
		};
		CED6C6292B7285DE00620BDC /* Build configuration list for PBXNativeTarget "CollectionUITests" */ = {
			isa = XCConfigurationList;
			buildConfigurations = (
				CED6C62A2B7285DE00620BDC /* Debug */,
				CED6C62B2B7285DE00620BDC /* Release */,
			);
			defaultConfigurationIsVisible = 0;
			defaultConfigurationName = Release;
		};
/* End XCConfigurationList section */
	};
	rootObject = CED6C5F12B7285DB00620BDC /* Project object */;
}
